
Microsoft Visual Studio Solution File, Format Version 12.00
Project("{FAE04EC0-301F-11D3-BF4B-00C04F79EFBC}") = "SurveyProject", "SurveyProject.csproj", "{449B2FAD-FA03-48F5-8218-3A40286DE773}"
EndProject
Global
	GlobalSection(SolutionConfigurationPlatforms) = preSolution
		Debug|Any CPU = Debug|Any CPU
		Release|Any CPU = Release|Any CPU
	EndGlobalSection
	GlobalSection(ProjectConfigurationPlatforms) = postSolution
		{449B2FAD-FA03-48F5-8218-3A40286DE773}.Debug|Any CPU.ActiveCfg = Debug|Any CPU
		{449B2FAD-FA03-48F5-8218-3A40286DE773}.Debug|Any CPU.Build.0 = Debug|Any CPU
		{449B2FAD-FA03-48F5-8218-3A40286DE773}.Release|Any CPU.ActiveCfg = Release|Any CPU
		{449B2FAD-FA03-48F5-8218-3A40286DE773}.Release|Any CPU.Build.0 = Release|Any CPU
	EndGlobalSection
EndGlobal
