
Microsoft Visual Studio Solution File, Format Version 12.00
Project("{FAE04EC0-301F-11D3-BF4B-00C04F79EFBC}") = "StudentFactory", "StudentFactory\StudentFactory.csproj", "{3B901717-7081-493D-81A1-F99531D3974C}"
EndProject
Global
	GlobalSection(SolutionConfigurationPlatforms) = preSolution
		Debug|Any CPU = Debug|Any CPU
		Release|Any CPU = Release|Any CPU
	EndGlobalSection
	GlobalSection(ProjectConfigurationPlatforms) = postSolution
		{3B901717-7081-493D-81A1-F99531D3974C}.Debug|Any CPU.ActiveCfg = Debug|Any CPU
		{3B901717-7081-493D-81A1-F99531D3974C}.Debug|Any CPU.Build.0 = Debug|Any CPU
		{3B901717-7081-493D-81A1-F99531D3974C}.Release|Any CPU.ActiveCfg = Release|Any CPU
		{3B901717-7081-493D-81A1-F99531D3974C}.Release|Any CPU.Build.0 = Release|Any CPU
	EndGlobalSection
EndGlobal
